
Microsoft Visual Studio Solution File, Format Version 12.00
# Visual Studio Version 17
VisualStudioVersion = 17.6.33829.357
MinimumVisualStudioVersion = 10.0.40219.1
Project("{FAE04EC0-301F-11D3-BF4B-00C04F79EFBC}") = "CodePulse.API", "CodePulse\CodePulse.API.csproj", "{4AEF7F15-B1F6-48E4-8A2E-7E45CF005E8E}"
EndProject
Global
	GlobalSection(SolutionConfigurationPlatforms) = preSolution
		Debug|Any CPU = Debug|Any CPU
		Release|Any CPU = Release|Any CPU
	EndGlobalSection
	GlobalSection(ProjectConfigurationPlatforms) = postSolution
		{4AEF7F15-B1F6-48E4-8A2E-7E45CF005E8E}.Debug|Any CPU.ActiveCfg = Debug|Any CPU
		{4AEF7F15-B1F6-48E4-8A2E-7E45CF005E8E}.Debug|Any CPU.Build.0 = Debug|Any CPU
		{4AEF7F15-B1F6-48E4-8A2E-7E45CF005E8E}.Release|Any CPU.ActiveCfg = Release|Any CPU
		{4AEF7F15-B1F6-48E4-8A2E-7E45CF005E8E}.Release|Any CPU.Build.0 = Release|Any CPU
	EndGlobalSection
	GlobalSection(SolutionProperties) = preSolution
		HideSolutionNode = FALSE
	EndGlobalSection
	GlobalSection(ExtensibilityGlobals) = postSolution
		SolutionGuid = {4A734C57-BC5A-4A22-A792-34AA77F9387C}
	EndGlobalSection
EndGlobal
